
Microsoft Visual Studio Solution File, Format Version 12.00
# Visual Studio Version 16
VisualStudioVersion = 16.0.31410.357
MinimumVisualStudioVersion = 10.0.40219.1
Project("{9A19103F-16F7-4668-BE54-9A1E7A4F7556}") = "Workers", "Workers.csproj", "{C3A49642-DCAC-427C-86C2-DC7DA8481509}"
EndProject
Global
	GlobalSection(SolutionConfigurationPlatforms) = preSolution
		Debug|Any CPU = Debug|Any CPU
		Release|Any CPU = Release|Any CPU
	EndGlobalSection
	GlobalSection(ProjectConfigurationPlatforms) = postSolution
		{C3A49642-DCAC-427C-86C2-DC7DA8481509}.Debug|Any CPU.ActiveCfg = Debug|Any CPU
		{C3A49642-DCAC-427C-86C2-DC7DA8481509}.Debug|Any CPU.Build.0 = Debug|Any CPU
		{C3A49642-DCAC-427C-86C2-DC7DA8481509}.Release|Any CPU.ActiveCfg = Release|Any CPU
		{C3A49642-DCAC-427C-86C2-DC7DA8481509}.Release|Any CPU.Build.0 = Release|Any CPU
	EndGlobalSection
	GlobalSection(SolutionProperties) = preSolution
		HideSolutionNode = FALSE
	EndGlobalSection
	GlobalSection(ExtensibilityGlobals) = postSolution
		SolutionGuid = {74AEF322-40C4-4528-86D2-7055EA3F1578}
	EndGlobalSection
EndGlobal
